
Microsoft Visual Studio Solution File, Format Version 12.00
# Visual Studio 15
Project("{FAE04EC0-301F-11D3-BF4B-00C04F79EFBC}") = "helloworld", "helloworld.csproj", "{DBDD02E3-4A30-4EEB-A9C8-B81AD6F19CD5}"
EndProject
Global
	GlobalSection(SolutionConfigurationPlatforms) = preSolution
		Debug|Any CPU = Debug|Any CPU
		Release|Any CPU = Release|Any CPU
	EndGlobalSection
	GlobalSection(ProjectConfigurationPlatforms) = postSolution
		{DBDD02E3-4A30-4EEB-A9C8-B81AD6F19CD5}.Debug|Any CPU.ActiveCfg = Debug|Any CPU
		{DBDD02E3-4A30-4EEB-A9C8-B81AD6F19CD5}.Debug|Any CPU.Build.0 = Debug|Any CPU
		{DBDD02E3-4A30-4EEB-A9C8-B81AD6F19CD5}.Release|Any CPU.ActiveCfg = Release|Any CPU
		{DBDD02E3-4A30-4EEB-A9C8-B81AD6F19CD5}.Release|Any CPU.Build.0 = Release|Any CPU
	EndGlobalSection
EndGlobal
